<?xml version="1.0" encoding="UTF-8" standalone="yes" ?>
<CodeBlocks_project_file>
	<FileVersion major="1" minor="6" />
	<Project>
		<Option title="shrew" />
		<Option pch_mode="2" />
		<Option compiler="gcc" />
		<Build>
			<Target title="Debug">
				<Option output="bin/Debug/shrew" prefix_auto="1" extension_auto="1" />
				<Option object_output="obj/Debug/" />
				<Option type="1" />
				<Option compiler="gcc" />
				<Compiler>
					<Add option="-g" />
				</Compiler>
			</Target>
			<Target title="Release">
				<Option output="bin/Release/shrew" prefix_auto="1" extension_auto="1" />
				<Option object_output="obj/Release/" />
				<Option type="1" />
				<Option compiler="gcc" />
				<Compiler>
					<Add option="-O2" />
				</Compiler>
				<Linker>
					<Add option="-s" />
				</Linker>
			</Target>
		</Build>
		<Compiler>
			<Add option="-Wall" />
		</Compiler>
		<Unit filename="source/compat/inttypes.h" />
		<Unit filename="source/compat/tun_ioctls.h" />
		<Unit filename="source/compat/winstring.h" />
		<Unit filename="source/export.h" />
		<Unit filename="source/ikec/ikec.cpp" />
		<Unit filename="source/ikec/ikec.h" />
		<Unit filename="source/ikec/main.cpp" />
		<Unit filename="source/iked/conf.parse.cpp" />
		<Unit filename="source/iked/conf.parse.hpp" />
		<Unit filename="source/iked/conf.token.cpp" />
		<Unit filename="source/iked/crypto.cpp" />
		<Unit filename="source/iked/crypto.h" />
		<Unit filename="source/iked/dhcp.cpp" />
		<Unit filename="source/iked/ike.cpp" />
		<Unit filename="source/iked/ike.exch.config.cpp" />
		<Unit filename="source/iked/ike.exch.inform.cpp" />
		<Unit filename="source/iked/ike.exch.phase1.cpp" />
		<Unit filename="source/iked/ike.exch.phase2.cpp" />
		<Unit filename="source/iked/ike.h" />
		<Unit filename="source/iked/ike.idb.config.cpp" />
		<Unit filename="source/iked/ike.idb.cpp" />
		<Unit filename="source/iked/ike.idb.exch.cpp" />
		<Unit filename="source/iked/ike.idb.inform.cpp" />
		<Unit filename="source/iked/ike.idb.lists.cpp" />
		<Unit filename="source/iked/ike.idb.peer.cpp" />
		<Unit filename="source/iked/ike.idb.phase1.cpp" />
		<Unit filename="source/iked/ike.idb.phase2.cpp" />
		<Unit filename="source/iked/ike.idb.policy.cpp" />
		<Unit filename="source/iked/ike.idb.tunnel.cpp" />
		<Unit filename="source/iked/ike.io.admin.cpp" />
		<Unit filename="source/iked/ike.io.network.cpp" />
		<Unit filename="source/iked/ike.io.pfkey.cpp" />
		<Unit filename="source/iked/ike.keyfile.cpp" />
		<Unit filename="source/iked/ike.names.cpp" />
		<Unit filename="source/iked/ike.nethlp.cpp" />
		<Unit filename="source/iked/ike.packet.cpp" />
		<Unit filename="source/iked/ike.payload.cpp" />
		<Unit filename="source/iked/ike.peerid.cpp" />
		<Unit filename="source/iked/ike.policy.cpp" />
		<Unit filename="source/iked/ike.proposal.cpp" />
		<Unit filename="source/iked/ike.socket.cpp" />
		<Unit filename="source/iked/ike.xauth.cpp" />
		<Unit filename="source/iked/ike.xconf.cpp" />
		<Unit filename="source/iked/iked.cpp" />
		<Unit filename="source/iked/iked.h" />
		<Unit filename="source/iked/iked.idb.h" />
		<Unit filename="source/iked/location.hh" />
		<Unit filename="source/iked/main.cpp" />
		<Unit filename="source/iked/position.hh" />
		<Unit filename="source/iked/stack.hh" />
		<Unit filename="source/iked/xauth.h" />
		<Unit filename="source/iked/xconf.h" />
		<Unit filename="source/libidb/base64.cpp" />
		<Unit filename="source/libidb/base64.h" />
		<Unit filename="source/libidb/libidb.cpp" />
		<Unit filename="source/libidb/libidb.h" />
		<Unit filename="source/libike/client.cpp" />
		<Unit filename="source/libike/client.h" />
		<Unit filename="source/libike/config.cpp" />
		<Unit filename="source/libike/config.h" />
		<Unit filename="source/libike/libike.cpp" />
		<Unit filename="source/libike/libike.h" />
		<Unit filename="source/libike/manager.cpp" />
		<Unit filename="source/libike/manager.file.cpp" />
		<Unit filename="source/libip/libip.frag.cpp" />
		<Unit filename="source/libip/libip.h" />
		<Unit filename="source/libip/libip.packet.cpp" />
		<Unit filename="source/libip/libip.packet.dns.cpp" />
		<Unit filename="source/libip/libip.packet.ip.cpp" />
		<Unit filename="source/libip/libip.packet.udp.cpp" />
		<Unit filename="source/libip/libip.pcap.cpp" />
		<Unit filename="source/libip/libip.queue.cpp" />
		<Unit filename="source/libip/libip.route.cpp" />
		<Unit filename="source/libith/libith.cpp" />
		<Unit filename="source/libith/libith.h" />
		<Unit filename="source/liblog/liblog.cpp" />
		<Unit filename="source/liblog/liblog.h" />
		<Unit filename="source/libpfk/libpfk.cpp" />
		<Unit filename="source/libpfk/libpfk.h" />
		<Unit filename="source/qikea/main.cpp" />
		<Unit filename="source/qikea/moc_qikea.cxx" />
		<Unit filename="source/qikea/qikea.cpp" />
		<Unit filename="source/qikea/qikea.h" />
		<Unit filename="source/qikea/qrc_qikea.cxx" />
		<Unit filename="source/qikea/root.cpp" />
		<Unit filename="source/qikea/site.cpp" />
		<Unit filename="source/qikea/topology.cpp" />
		<Unit filename="source/qikea/ui_about.h" />
		<Unit filename="source/qikea/ui_conflict.h" />
		<Unit filename="source/qikea/ui_root.h" />
		<Unit filename="source/qikea/ui_site.h" />
		<Unit filename="source/qikea/ui_topology.h" />
		<Unit filename="source/qikec/main.cpp" />
		<Unit filename="source/qikec/moc_qikec.cxx" />
		<Unit filename="source/qikec/qikec.cpp" />
		<Unit filename="source/qikec/qikec.h" />
		<Unit filename="source/qikec/qrc_qikec.cxx" />
		<Unit filename="source/qikec/root.cpp" />
		<Unit filename="source/qikec/ui_banner.h" />
		<Unit filename="source/qikec/ui_filepass.h" />
		<Unit filename="source/qikec/ui_root.h" />
		<Unit filename="source/test_ith/main.cpp" />
		<Unit filename="source/version.h" />
		<Extensions>
			<code_completion />
			<debugger />
		</Extensions>
	</Project>
</CodeBlocks_project_file>
